
Microsoft Visual Studio Solution File, Format Version 12.00
# Visual Studio 14
VisualStudioVersion = 14.0.25123.0
MinimumVisualStudioVersion = 10.0.40219.1
Project("{FAE04EC0-301F-11D3-BF4B-00C04F79EFBC}") = "Navio2Sharp", "src\Navio2Sharp\Navio2Sharp.csproj", "{455C8017-338F-4AC9-9AEC-4BBC903E9889}"
EndProject
Project("{FAE04EC0-301F-11D3-BF4B-00C04F79EFBC}") = "MPU9250", "examples\MPU9250\MPU9250.csproj", "{07D42A78-020C-4A06-A68A-358957DAB437}"
EndProject
Global
	GlobalSection(SolutionConfigurationPlatforms) = preSolution
		Debug|Any CPU = Debug|Any CPU
		Release|Any CPU = Release|Any CPU
	EndGlobalSection
	GlobalSection(ProjectConfigurationPlatforms) = postSolution
		{455C8017-338F-4AC9-9AEC-4BBC903E9889}.Debug|Any CPU.ActiveCfg = Debug|Any CPU
		{455C8017-338F-4AC9-9AEC-4BBC903E9889}.Debug|Any CPU.Build.0 = Debug|Any CPU
		{455C8017-338F-4AC9-9AEC-4BBC903E9889}.Release|Any CPU.ActiveCfg = Release|Any CPU
		{455C8017-338F-4AC9-9AEC-4BBC903E9889}.Release|Any CPU.Build.0 = Release|Any CPU
		{07D42A78-020C-4A06-A68A-358957DAB437}.Debug|Any CPU.ActiveCfg = Debug|Any CPU
		{07D42A78-020C-4A06-A68A-358957DAB437}.Debug|Any CPU.Build.0 = Debug|Any CPU
		{07D42A78-020C-4A06-A68A-358957DAB437}.Release|Any CPU.ActiveCfg = Release|Any CPU
		{07D42A78-020C-4A06-A68A-358957DAB437}.Release|Any CPU.Build.0 = Release|Any CPU
	EndGlobalSection
	GlobalSection(SolutionProperties) = preSolution
		HideSolutionNode = FALSE
	EndGlobalSection
EndGlobal
